
Microsoft Visual Studio Solution File, Format Version 12.00
# Visual Studio 14
VisualStudioVersion = 14.0.24720.0
MinimumVisualStudioVersion = 10.0.40219.1
Project("{8BB2217D-0F2D-49D1-97BC-3654ED321F3B}") = "Cachify.Reflection", "Cachify.Reflection\Cachify.Reflection.xproj", "{B47AEDA7-3D0F-4437-84BF-91AAACCEBEB0}"
EndProject
Project("{2150E333-8FDC-42A3-9474-1A3956D46DE8}") = "src", "src", "{696005A6-E06F-40EB-8DAF-5A7AD237684F}"
EndProject
Project("{2150E333-8FDC-42A3-9474-1A3956D46DE8}") = "tests", "tests", "{59A114D1-799F-4D61-BFCC-9ED5F0F88FC4}"
EndProject
Project("{2150E333-8FDC-42A3-9474-1A3956D46DE8}") = "samples", "samples", "{C033096E-AE54-42E5-8A7F-C7F8EFE06A32}"
EndProject
Project("{8BB2217D-0F2D-49D1-97BC-3654ED321F3B}") = "Cachify.MemoryCache", "Cachify.MemoryCache\Cachify.MemoryCache.xproj", "{B697099B-CAFD-4AE6-BA56-60434E17C24F}"
EndProject
Project("{8BB2217D-0F2D-49D1-97BC-3654ED321F3B}") = "Cachify.Reflection.Tests", "Cachify.Reflection.Tests\Cachify.Reflection.Tests.xproj", "{EEBC1B4F-D6A1-42E2-B3D1-AD4B9E4ECF23}"
EndProject
Global
	GlobalSection(SolutionConfigurationPlatforms) = preSolution
		Debug|Any CPU = Debug|Any CPU
		Release|Any CPU = Release|Any CPU
	EndGlobalSection
	GlobalSection(ProjectConfigurationPlatforms) = postSolution
		{B47AEDA7-3D0F-4437-84BF-91AAACCEBEB0}.Debug|Any CPU.ActiveCfg = Debug|Any CPU
		{B47AEDA7-3D0F-4437-84BF-91AAACCEBEB0}.Debug|Any CPU.Build.0 = Debug|Any CPU
		{B47AEDA7-3D0F-4437-84BF-91AAACCEBEB0}.Release|Any CPU.ActiveCfg = Release|Any CPU
		{B47AEDA7-3D0F-4437-84BF-91AAACCEBEB0}.Release|Any CPU.Build.0 = Release|Any CPU
		{B697099B-CAFD-4AE6-BA56-60434E17C24F}.Debug|Any CPU.ActiveCfg = Debug|Any CPU
		{B697099B-CAFD-4AE6-BA56-60434E17C24F}.Debug|Any CPU.Build.0 = Debug|Any CPU
		{B697099B-CAFD-4AE6-BA56-60434E17C24F}.Release|Any CPU.ActiveCfg = Release|Any CPU
		{B697099B-CAFD-4AE6-BA56-60434E17C24F}.Release|Any CPU.Build.0 = Release|Any CPU
		{EEBC1B4F-D6A1-42E2-B3D1-AD4B9E4ECF23}.Debug|Any CPU.ActiveCfg = Debug|Any CPU
		{EEBC1B4F-D6A1-42E2-B3D1-AD4B9E4ECF23}.Debug|Any CPU.Build.0 = Debug|Any CPU
		{EEBC1B4F-D6A1-42E2-B3D1-AD4B9E4ECF23}.Release|Any CPU.ActiveCfg = Release|Any CPU
		{EEBC1B4F-D6A1-42E2-B3D1-AD4B9E4ECF23}.Release|Any CPU.Build.0 = Release|Any CPU
	EndGlobalSection
	GlobalSection(SolutionProperties) = preSolution
		HideSolutionNode = FALSE
	EndGlobalSection
	GlobalSection(NestedProjects) = preSolution
		{B47AEDA7-3D0F-4437-84BF-91AAACCEBEB0} = {696005A6-E06F-40EB-8DAF-5A7AD237684F}
		{B697099B-CAFD-4AE6-BA56-60434E17C24F} = {696005A6-E06F-40EB-8DAF-5A7AD237684F}
		{EEBC1B4F-D6A1-42E2-B3D1-AD4B9E4ECF23} = {59A114D1-799F-4D61-BFCC-9ED5F0F88FC4}
	EndGlobalSection
EndGlobal
